
Microsoft Visual Studio Solution File, Format Version 12.00
# Visual Studio Version 17
VisualStudioVersion = 17.8.34330.188
MinimumVisualStudioVersion = 10.0.40219.1
Project("{FAE04EC0-301F-11D3-BF4B-00C04F79EFBC}") = "HelloWorld", "HelloWorld.csproj", "{20027DD1-24DB-4A96-B210-535C62FB094F}"
EndProject
Global
	GlobalSection(SolutionConfigurationPlatforms) = preSolution
		Debug|Any CPU = Debug|Any CPU
		Release|Any CPU = Release|Any CPU
	EndGlobalSection
	GlobalSection(ProjectConfigurationPlatforms) = postSolution
		{20027DD1-24DB-4A96-B210-535C62FB094F}.Debug|Any CPU.ActiveCfg = Debug|Any CPU
		{20027DD1-24DB-4A96-B210-535C62FB094F}.Debug|Any CPU.Build.0 = Debug|Any CPU
		{20027DD1-24DB-4A96-B210-535C62FB094F}.Release|Any CPU.ActiveCfg = Release|Any CPU
		{20027DD1-24DB-4A96-B210-535C62FB094F}.Release|Any CPU.Build.0 = Release|Any CPU
	EndGlobalSection
	GlobalSection(SolutionProperties) = preSolution
		HideSolutionNode = FALSE
	EndGlobalSection
	GlobalSection(ExtensibilityGlobals) = postSolution
		SolutionGuid = {D585F6FD-CAC0-48FB-9AEE-EC986CF62608}
	EndGlobalSection
EndGlobal
